
Microsoft Visual Studio Solution File, Format Version 12.00
# Visual Studio Version 17
VisualStudioVersion = 17.8.34525.116
MinimumVisualStudioVersion = 10.0.40219.1
Project("{FAE04EC0-301F-11D3-BF4B-00C04F79EFBC}") = "WebApplication1", "WebApplication1\WebApplication1.csproj", "{CEF313D2-5EA4-4835-AE4C-4E8608B3CAD5}"
EndProject
Global
	GlobalSection(SolutionConfigurationPlatforms) = preSolution
		Debug|Any CPU = Debug|Any CPU
		Release|Any CPU = Release|Any CPU
	EndGlobalSection
	GlobalSection(ProjectConfigurationPlatforms) = postSolution
		{CEF313D2-5EA4-4835-AE4C-4E8608B3CAD5}.Debug|Any CPU.ActiveCfg = Debug|Any CPU
		{CEF313D2-5EA4-4835-AE4C-4E8608B3CAD5}.Debug|Any CPU.Build.0 = Debug|Any CPU
		{CEF313D2-5EA4-4835-AE4C-4E8608B3CAD5}.Release|Any CPU.ActiveCfg = Release|Any CPU
		{CEF313D2-5EA4-4835-AE4C-4E8608B3CAD5}.Release|Any CPU.Build.0 = Release|Any CPU
	EndGlobalSection
	GlobalSection(SolutionProperties) = preSolution
		HideSolutionNode = FALSE
	EndGlobalSection
	GlobalSection(ExtensibilityGlobals) = postSolution
		SolutionGuid = {FF4B2611-8F0F-415E-9A0F-C8277DBE3D3F}
	EndGlobalSection
EndGlobal
